
Microsoft Visual Studio Solution File, Format Version 12.00
# Visual Studio 2013
VisualStudioVersion = 12.0.40629.0
MinimumVisualStudioVersion = 10.0.40219.1
Project("{2150E333-8FDC-42A3-9474-1A3956D46DE8}") = ".nuget", ".nuget", "{81AAC80F-9AC7-4274-BE4E-A1D71450D4F3}"
	ProjectSection(SolutionItems) = preProject
		.nuget\NuGet.Config = .nuget\NuGet.Config
		.nuget\NuGet.exe = .nuget\NuGet.exe
		.nuget\NuGet.targets = .nuget\NuGet.targets
	EndProjectSection
EndProject
Project("{FAE04EC0-301F-11D3-BF4B-00C04F79EFBC}") = "shiouen.io.Web.MVC", "shiouen.io.Web.MVC\shiouen.io.Web.MVC.csproj", "{6A90F137-CA4D-4D56-AF6B-2FB8A8232797}"
EndProject
Project("{FAE04EC0-301F-11D3-BF4B-00C04F79EFBC}") = "shiouen.io.Business", "shiouen.io.Business\shiouen.io.Business.csproj", "{E2F659D7-0B22-4185-A1B7-7299B9C74570}"
EndProject
Project("{FAE04EC0-301F-11D3-BF4B-00C04F79EFBC}") = "shiouen.io.Data", "shiouen.io.Data\shiouen.io.Data.csproj", "{9E605265-8E97-449A-BBDE-7E1DD2129061}"
EndProject
Global
	GlobalSection(SolutionConfigurationPlatforms) = preSolution
		Debug|Any CPU = Debug|Any CPU
		Release|Any CPU = Release|Any CPU
	EndGlobalSection
	GlobalSection(ProjectConfigurationPlatforms) = postSolution
		{6A90F137-CA4D-4D56-AF6B-2FB8A8232797}.Debug|Any CPU.ActiveCfg = Debug|Any CPU
		{6A90F137-CA4D-4D56-AF6B-2FB8A8232797}.Debug|Any CPU.Build.0 = Debug|Any CPU
		{6A90F137-CA4D-4D56-AF6B-2FB8A8232797}.Release|Any CPU.ActiveCfg = Release|Any CPU
		{6A90F137-CA4D-4D56-AF6B-2FB8A8232797}.Release|Any CPU.Build.0 = Release|Any CPU
		{E2F659D7-0B22-4185-A1B7-7299B9C74570}.Debug|Any CPU.ActiveCfg = Debug|Any CPU
		{E2F659D7-0B22-4185-A1B7-7299B9C74570}.Debug|Any CPU.Build.0 = Debug|Any CPU
		{E2F659D7-0B22-4185-A1B7-7299B9C74570}.Release|Any CPU.ActiveCfg = Release|Any CPU
		{E2F659D7-0B22-4185-A1B7-7299B9C74570}.Release|Any CPU.Build.0 = Release|Any CPU
		{9E605265-8E97-449A-BBDE-7E1DD2129061}.Debug|Any CPU.ActiveCfg = Debug|Any CPU
		{9E605265-8E97-449A-BBDE-7E1DD2129061}.Debug|Any CPU.Build.0 = Debug|Any CPU
		{9E605265-8E97-449A-BBDE-7E1DD2129061}.Release|Any CPU.ActiveCfg = Release|Any CPU
		{9E605265-8E97-449A-BBDE-7E1DD2129061}.Release|Any CPU.Build.0 = Release|Any CPU
	EndGlobalSection
	GlobalSection(SolutionProperties) = preSolution
		HideSolutionNode = FALSE
	EndGlobalSection
EndGlobal
